<?xml version="1.0" encoding="utf-8"?>
<Project ToolsVersion="4.0" xmlns="http://schemas.microsoft.com/developer/msbuild/2003">
  <ItemGroup>
    <Filter Include="Source Files">
      <UniqueIdentifier>{4FC737F1-C7A5-4376-A066-2A32D752A2FF}</UniqueIdentifier>
      <Extensions>cpp;c;cc;cxx;def;odl;idl;hpj;bat;asm;asmx</Extensions>
    </Filter>
    <Filter Include="Header Files">
      <UniqueIdentifier>{93995380-89BD-4b04-88EB-625FBE52EBFB}</UniqueIdentifier>
      <Extensions>h;hpp;hxx;hm;inl;inc;xsd</Extensions>
    </Filter>
    <Filter Include="Resource Files">
      <UniqueIdentifier>{67DA6AB6-F800-4c08-8B7A-83BB121AAD01}</UniqueIdentifier>
      <Extensions>rc;ico;cur;bmp;dlg;rc2;rct;bin;rgs;gif;jpg;jpeg;jpe;resx;tiff;tif;png;wav</Extensions>
    </Filter>
  </ItemGroup>
  <ItemGroup>
    <ClCompile Include="AssemblyInfo.cpp">
      <Filter>Source Files</Filter>
    </ClCompile>
    <ClCompile Include="Ship Loadouts.cpp">
      <Filter>Source Files</Filter>
    </ClCompile>
    <ClCompile Include="ShipNamePrompt.cpp">
      <Filter>Source Files</Filter>
    </ClCompile>
    <ClCompile Include="stdafx.cpp">
      <Filter>Source Files</Filter>
    </ClCompile>
    <ClCompile Include="AboutForm.cpp">
      <Filter>Header Files</Filter>
    </ClCompile>
    <ClCompile Include="ArmorForm.cpp">
      <Filter>Header Files</Filter>
    </ClCompile>
    <ClCompile Include="BoosterForm.cpp">
      <Filter>Header Files</Filter>
    </ClCompile>
    <ClCompile Include="CapacitorForm.cpp">
      <Filter>Header Files</Filter>
    </ClCompile>
    <ClCompile Include="ChaffForm.cpp">
      <Filter>Header Files</Filter>
    </ClCompile>
    <ClCompile Include="CompNamePrompt.cpp">
      <Filter>Header Files</Filter>
    </ClCompile>
    <ClCompile Include="ComponentManagementForm.cpp">
      <Filter>Header Files</Filter>
    </ClCompile>
    <ClCompile Include="DroidForm.cpp">
      <Filter>Header Files</Filter>
    </ClCompile>
    <ClCompile Include="EngineForm.cpp">
      <Filter>Header Files</Filter>
    </ClCompile>
    <ClCompile Include="MassDrainSummaryForm.cpp">
      <Filter>Header Files</Filter>
    </ClCompile>
    <ClCompile Include="OrdinanceForm.cpp">
      <Filter>Header Files</Filter>
    </ClCompile>
    <ClCompile Include="ProtectionStatsForm.cpp">
      <Filter>Header Files</Filter>
    </ClCompile>
    <ClCompile Include="ReactorCalcForm.cpp">
      <Filter>Header Files</Filter>
    </ClCompile>
    <ClCompile Include="ReactorForm.cpp">
      <Filter>Header Files</Filter>
    </ClCompile>
    <ClCompile Include="RECalc.cpp">
      <Filter>Header Files</Filter>
    </ClCompile>
    <ClCompile Include="SheildForm.cpp">
      <Filter>Header Files</Filter>
    </ClCompile>
    <ClCompile Include="WeaponForm.cpp">
      <Filter>Header Files</Filter>
    </ClCompile>
    <ClCompile Include="WeaponStatsForm.cpp">
      <Filter>Header Files</Filter>
    </ClCompile>
  </ItemGroup>
  <ItemGroup>
    <ClInclude Include="AboutForm.h">
      <Filter>Header Files</Filter>
    </ClInclude>
    <ClInclude Include="ArmorForm.h">
      <Filter>Header Files</Filter>
    </ClInclude>
    <ClInclude Include="BoosterForm.h">
      <Filter>Header Files</Filter>
    </ClInclude>
    <ClInclude Include="CapacitorForm.h">
      <Filter>Header Files</Filter>
    </ClInclude>
    <ClInclude Include="ChaffForm.h">
      <Filter>Header Files</Filter>
    </ClInclude>
    <ClInclude Include="CompNamePrompt.h">
      <Filter>Header Files</Filter>
    </ClInclude>
    <ClInclude Include="ComponentManagementForm.h">
      <Filter>Header Files</Filter>
    </ClInclude>
    <ClInclude Include="DroidForm.h">
      <Filter>Header Files</Filter>
    </ClInclude>
    <ClInclude Include="EngineForm.h">
      <Filter>Header Files</Filter>
    </ClInclude>
    <ClInclude Include="MainForm.h">
      <Filter>Header Files</Filter>
    </ClInclude>
    <ClInclude Include="MassDrainSummaryForm.h">
      <Filter>Header Files</Filter>
    </ClInclude>
    <ClInclude Include="OrdinanceForm.h">
      <Filter>Header Files</Filter>
    </ClInclude>
    <ClInclude Include="PropulsionStatsForm.h">
      <Filter>Header Files</Filter>
    </ClInclude>
    <ClInclude Include="ProtectionStatsForm.h">
      <Filter>Header Files</Filter>
    </ClInclude>
    <ClInclude Include="ReactorCalcForm.h">
      <Filter>Header Files</Filter>
    </ClInclude>
    <ClInclude Include="ReactorForm.h">
      <Filter>Header Files</Filter>
    </ClInclude>
    <ClInclude Include="RECalc.h">
      <Filter>Header Files</Filter>
    </ClInclude>
    <ClInclude Include="resource.h">
      <Filter>Header Files</Filter>
    </ClInclude>
    <ClInclude Include="SheildForm.h">
      <Filter>Header Files</Filter>
    </ClInclude>
    <ClInclude Include="ShipNamePrompt.h">
      <Filter>Header Files</Filter>
    </ClInclude>
    <ClInclude Include="WeaponForm.h">
      <Filter>Header Files</Filter>
    </ClInclude>
    <ClInclude Include="WeaponStatsForm.h">
      <Filter>Header Files</Filter>
    </ClInclude>
  </ItemGroup>
  <ItemGroup>
    <None Include="app.ico">
      <Filter>Resource Files</Filter>
    </None>
    <None Include="engineicondj0.ico">
      <Filter>Resource Files</Filter>
    </None>
    <None Include="reactoriconin9.ico">
      <Filter>Resource Files</Filter>
    </None>
    <None Include="sheildiconla9.ico">
      <Filter>Resource Files</Filter>
    </None>
    <None Include="weaponiconbnsmall.ico">
      <Filter>Resource Files</Filter>
    </None>
    <None Include="ReadMe.txt" />
  </ItemGroup>
  <ItemGroup>
    <ResourceCompile Include="app.rc">
      <Filter>Resource Files</Filter>
    </ResourceCompile>
  </ItemGroup>
</Project>